// !$*UTF8*$!
{
	archiveVersion = 1;
	classes = {
	};
	objectVersion = 50;
	objects = {

/* Begin PBXAggregateTarget section */
		D82A830722BA468000121799 /* ITunesBrowsing-fat */ = {
			isa = PBXAggregateTarget;
			buildConfigurationList = D82A830A22BA468000121799 /* Build configuration list for PBXAggregateTarget "ITunesBrowsing-fat" */;
			buildPhases = (
				D82A830B22BA469B00121799 /* ShellScript */,
			);
			dependencies = (
			);
			name = "ITunesBrowsing-fat";
			productName = "ITunesBrowsing-fat";
		};
/* End PBXAggregateTarget section */

/* Begin PBXBuildFile section */
		D81F71D222A6D6E7009DA6FB /* ITunesBrowsing.h in Headers */ = {isa = PBXBuildFile; fileRef = D81F71D022A6D6E7009DA6FB /* ITunesBrowsing.h */; settings = {ATTRIBUTES = (Public, ); }; };
		D81F71DB22A6D72A009DA6FB /* OfflineItemsViewController.swift in Sources */ = {isa = PBXBuildFile; fileRef = D81F71D922A6D72A009DA6FB /* OfflineItemsViewController.swift */; };
		D81F71DC22A6D72A009DA6FB /* OnlineItemsViewController.swift in Sources */ = {isa = PBXBuildFile; fileRef = D81F71DA22A6D72A009DA6FB /* OnlineItemsViewController.swift */; };
		D81F71E122A6D813009DA6FB /* DownloadStatus.swift in Sources */ = {isa = PBXBuildFile; fileRef = D81F71DE22A6D813009DA6FB /* DownloadStatus.swift */; };
		D81F71E222A6D813009DA6FB /* Item.swift in Sources */ = {isa = PBXBuildFile; fileRef = D81F71DF22A6D813009DA6FB /* Item.swift */; };
		D81F71E322A6D813009DA6FB /* ItemType.swift in Sources */ = {isa = PBXBuildFile; fileRef = D81F71E022A6D813009DA6FB /* ItemType.swift */; };
		D81F722822A6E6A0009DA6FB /* ItemTableViewCell.xib in Resources */ = {isa = PBXBuildFile; fileRef = D81F722522A6E6A0009DA6FB /* ItemTableViewCell.xib */; };
		D81F722922A6E6A0009DA6FB /* ItemTableViewCell.m in Sources */ = {isa = PBXBuildFile; fileRef = D81F722622A6E6A0009DA6FB /* ItemTableViewCell.m */; };
		D81F722A22A6E6A0009DA6FB /* ItemTableViewCell.h in Headers */ = {isa = PBXBuildFile; fileRef = D81F722722A6E6A0009DA6FB /* ItemTableViewCell.h */; settings = {ATTRIBUTES = (Public, ); }; };
		D81F722C22A6E754009DA6FB /* ITBConstants.swift in Sources */ = {isa = PBXBuildFile; fileRef = D81F722B22A6E754009DA6FB /* ITBConstants.swift */; };
		D82A82F822B9189F00121799 /* View Controllers.storyboard in Resources */ = {isa = PBXBuildFile; fileRef = D82A82F722B9189F00121799 /* View Controllers.storyboard */; };
		D82A82FA22B91B2400121799 /* Media.xcassets in Resources */ = {isa = PBXBuildFile; fileRef = D82A82F922B91B2400121799 /* Media.xcassets */; };
		D82A82FC22B92A0100121799 /* alert.mp3 in Resources */ = {isa = PBXBuildFile; fileRef = D82A82FB22B92A0100121799 /* alert.mp3 */; };
		D8352BD722A80228005D382F /* OnlineItemsDataSource.swift in Sources */ = {isa = PBXBuildFile; fileRef = D8352BD622A80228005D382F /* OnlineItemsDataSource.swift */; };
		D8352BDA22A8025B005D382F /* OfflineItemsManager.swift in Sources */ = {isa = PBXBuildFile; fileRef = D8352BD922A8025B005D382F /* OfflineItemsManager.swift */; };
/* End PBXBuildFile section */

/* Begin PBXFileReference section */
		D81F71CD22A6D6E7009DA6FB /* ITunesBrowsing.framework */ = {isa = PBXFileReference; explicitFileType = wrapper.framework; includeInIndex = 0; path = ITunesBrowsing.framework; sourceTree = BUILT_PRODUCTS_DIR; };
		D81F71D022A6D6E7009DA6FB /* ITunesBrowsing.h */ = {isa = PBXFileReference; lastKnownFileType = sourcecode.c.h; path = ITunesBrowsing.h; sourceTree = "<group>"; };
		D81F71D122A6D6E7009DA6FB /* Info.plist */ = {isa = PBXFileReference; lastKnownFileType = text.plist.xml; path = Info.plist; sourceTree = "<group>"; };
		D81F71D922A6D72A009DA6FB /* OfflineItemsViewController.swift */ = {isa = PBXFileReference; fileEncoding = 4; lastKnownFileType = sourcecode.swift; path = OfflineItemsViewController.swift; sourceTree = "<group>"; };
		D81F71DA22A6D72A009DA6FB /* OnlineItemsViewController.swift */ = {isa = PBXFileReference; fileEncoding = 4; lastKnownFileType = sourcecode.swift; path = OnlineItemsViewController.swift; sourceTree = "<group>"; };
		D81F71DE22A6D813009DA6FB /* DownloadStatus.swift */ = {isa = PBXFileReference; fileEncoding = 4; lastKnownFileType = sourcecode.swift; path = DownloadStatus.swift; sourceTree = "<group>"; };
		D81F71DF22A6D813009DA6FB /* Item.swift */ = {isa = PBXFileReference; fileEncoding = 4; lastKnownFileType = sourcecode.swift; path = Item.swift; sourceTree = "<group>"; };
		D81F71E022A6D813009DA6FB /* ItemType.swift */ = {isa = PBXFileReference; fileEncoding = 4; lastKnownFileType = sourcecode.swift; path = ItemType.swift; sourceTree = "<group>"; };
		D81F722522A6E6A0009DA6FB /* ItemTableViewCell.xib */ = {isa = PBXFileReference; fileEncoding = 4; lastKnownFileType = file.xib; path = ItemTableViewCell.xib; sourceTree = "<group>"; };
		D81F722622A6E6A0009DA6FB /* ItemTableViewCell.m */ = {isa = PBXFileReference; fileEncoding = 4; lastKnownFileType = sourcecode.c.objc; path = ItemTableViewCell.m; sourceTree = "<group>"; };
		D81F722722A6E6A0009DA6FB /* ItemTableViewCell.h */ = {isa = PBXFileReference; fileEncoding = 4; lastKnownFileType = sourcecode.c.h; path = ItemTableViewCell.h; sourceTree = "<group>"; };
		D81F722B22A6E754009DA6FB /* ITBConstants.swift */ = {isa = PBXFileReference; fileEncoding = 4; lastKnownFileType = sourcecode.swift; path = ITBConstants.swift; sourceTree = "<group>"; };
		D82A82F722B9189F00121799 /* View Controllers.storyboard */ = {isa = PBXFileReference; fileEncoding = 4; lastKnownFileType = file.storyboard; path = "View Controllers.storyboard"; sourceTree = "<group>"; };
		D82A82F922B91B2400121799 /* Media.xcassets */ = {isa = PBXFileReference; lastKnownFileType = folder.assetcatalog; path = Media.xcassets; sourceTree = "<group>"; };
		D82A82FB22B92A0100121799 /* alert.mp3 */ = {isa = PBXFileReference; lastKnownFileType = audio.mp3; path = alert.mp3; sourceTree = "<group>"; };
		D82A830C22BA4ADB00121799 /* build.sh */ = {isa = PBXFileReference; fileEncoding = 4; lastKnownFileType = text.script.sh; path = build.sh; sourceTree = "<group>"; };
		D8352BD622A80228005D382F /* OnlineItemsDataSource.swift */ = {isa = PBXFileReference; lastKnownFileType = sourcecode.swift; path = OnlineItemsDataSource.swift; sourceTree = "<group>"; };
		D8352BD922A8025B005D382F /* OfflineItemsManager.swift */ = {isa = PBXFileReference; lastKnownFileType = sourcecode.swift; path = OfflineItemsManager.swift; sourceTree = "<group>"; };
/* End PBXFileReference section */

/* Begin PBXFrameworksBuildPhase section */
		D81F71CA22A6D6E7009DA6FB /* Frameworks */ = {
			isa = PBXFrameworksBuildPhase;
			buildActionMask = 2147483647;
			files = (
			);
			runOnlyForDeploymentPostprocessing = 0;
		};
/* End PBXFrameworksBuildPhase section */

/* Begin PBXGroup section */
		D81F71C322A6D6E6009DA6FB = {
			isa = PBXGroup;
			children = (
				D81F71CF22A6D6E7009DA6FB /* ITunesBrowsing */,
				D82A830C22BA4ADB00121799 /* build.sh */,
				D81F71CE22A6D6E7009DA6FB /* Products */,
			);
			sourceTree = "<group>";
		};
		D81F71CE22A6D6E7009DA6FB /* Products */ = {
			isa = PBXGroup;
			children = (
				D81F71CD22A6D6E7009DA6FB /* ITunesBrowsing.framework */,
			);
			name = Products;
			sourceTree = "<group>";
		};
		D81F71CF22A6D6E7009DA6FB /* ITunesBrowsing */ = {
			isa = PBXGroup;
			children = (
				D8352BD822A8022D005D382F /* Protocols */,
				D81F71DD22A6D813009DA6FB /* Model */,
				D81F722422A6E6A0009DA6FB /* Custom UI Elements */,
				D81F71D822A6D72A009DA6FB /* View Controllers */,
				D81F722B22A6E754009DA6FB /* ITBConstants.swift */,
				D81F71D022A6D6E7009DA6FB /* ITunesBrowsing.h */,
				D82A82F722B9189F00121799 /* View Controllers.storyboard */,
				D82A82F922B91B2400121799 /* Media.xcassets */,
				D82A82FB22B92A0100121799 /* alert.mp3 */,
				D81F71D122A6D6E7009DA6FB /* Info.plist */,
			);
			path = ITunesBrowsing;
			sourceTree = "<group>";
		};
		D81F71D822A6D72A009DA6FB /* View Controllers */ = {
			isa = PBXGroup;
			children = (
				D81F71DA22A6D72A009DA6FB /* OnlineItemsViewController.swift */,
				D81F71D922A6D72A009DA6FB /* OfflineItemsViewController.swift */,
			);
			path = "View Controllers";
			sourceTree = "<group>";
		};
		D81F71DD22A6D813009DA6FB /* Model */ = {
			isa = PBXGroup;
			children = (
				D81F71DE22A6D813009DA6FB /* DownloadStatus.swift */,
				D81F71DF22A6D813009DA6FB /* Item.swift */,
				D81F71E022A6D813009DA6FB /* ItemType.swift */,
			);
			path = Model;
			sourceTree = "<group>";
		};
		D81F722422A6E6A0009DA6FB /* Custom UI Elements */ = {
			isa = PBXGroup;
			children = (
				D81F722722A6E6A0009DA6FB /* ItemTableViewCell.h */,
				D81F722622A6E6A0009DA6FB /* ItemTableViewCell.m */,
				D81F722522A6E6A0009DA6FB /* ItemTableViewCell.xib */,
			);
			path = "Custom UI Elements";
			sourceTree = "<group>";
		};
		D8352BD822A8022D005D382F /* Protocols */ = {
			isa = PBXGroup;
			children = (
				D8352BD622A80228005D382F /* OnlineItemsDataSource.swift */,
				D8352BD922A8025B005D382F /* OfflineItemsManager.swift */,
			);
			path = Protocols;
			sourceTree = "<group>";
		};
/* End PBXGroup section */

/* Begin PBXHeadersBuildPhase section */
		D81F71C822A6D6E7009DA6FB /* Headers */ = {
			isa = PBXHeadersBuildPhase;
			buildActionMask = 2147483647;
			files = (
				D81F71D222A6D6E7009DA6FB /* ITunesBrowsing.h in Headers */,
				D81F722A22A6E6A0009DA6FB /* ItemTableViewCell.h in Headers */,
			);
			runOnlyForDeploymentPostprocessing = 0;
		};
/* End PBXHeadersBuildPhase section */

/* Begin PBXNativeTarget section */
		D81F71CC22A6D6E7009DA6FB /* ITunesBrowsing */ = {
			isa = PBXNativeTarget;
			buildConfigurationList = D81F71D522A6D6E7009DA6FB /* Build configuration list for PBXNativeTarget "ITunesBrowsing" */;
			buildPhases = (
				D81F71C822A6D6E7009DA6FB /* Headers */,
				D81F71C922A6D6E7009DA6FB /* Sources */,
				D81F71CA22A6D6E7009DA6FB /* Frameworks */,
				D81F71CB22A6D6E7009DA6FB /* Resources */,
			);
			buildRules = (
			);
			dependencies = (
			);
			name = ITunesBrowsing;
			productName = ITunesBrowsing;
			productReference = D81F71CD22A6D6E7009DA6FB /* ITunesBrowsing.framework */;
			productType = "com.apple.product-type.framework";
		};
/* End PBXNativeTarget section */

/* Begin PBXProject section */
		D81F71C422A6D6E6009DA6FB /* Project object */ = {
			isa = PBXProject;
			attributes = {
				LastUpgradeCheck = 1020;
				ORGANIZATIONNAME = "Yaroslav Sverdlikov";
				TargetAttributes = {
					D81F71CC22A6D6E7009DA6FB = {
						CreatedOnToolsVersion = 10.2.1;
						LastSwiftMigration = 1020;
					};
					D82A830722BA468000121799 = {
						CreatedOnToolsVersion = 10.2.1;
					};
				};
			};
			buildConfigurationList = D81F71C722A6D6E6009DA6FB /* Build configuration list for PBXProject "ITunesBrowsing" */;
			compatibilityVersion = "Xcode 9.3";
			developmentRegion = en;
			hasScannedForEncodings = 0;
			knownRegions = (
				en,
			);
			mainGroup = D81F71C322A6D6E6009DA6FB;
			productRefGroup = D81F71CE22A6D6E7009DA6FB /* Products */;
			projectDirPath = "";
			projectRoot = "";
			targets = (
				D81F71CC22A6D6E7009DA6FB /* ITunesBrowsing */,
				D82A830722BA468000121799 /* ITunesBrowsing-fat */,
			);
		};
/* End PBXProject section */

/* Begin PBXResourcesBuildPhase section */
		D81F71CB22A6D6E7009DA6FB /* Resources */ = {
			isa = PBXResourcesBuildPhase;
			buildActionMask = 2147483647;
			files = (
				D82A82F822B9189F00121799 /* View Controllers.storyboard in Resources */,
				D82A82FA22B91B2400121799 /* Media.xcassets in Resources */,
				D81F722822A6E6A0009DA6FB /* ItemTableViewCell.xib in Resources */,
				D82A82FC22B92A0100121799 /* alert.mp3 in Resources */,
			);
			runOnlyForDeploymentPostprocessing = 0;
		};
/* End PBXResourcesBuildPhase section */

/* Begin PBXShellScriptBuildPhase section */
		D82A830B22BA469B00121799 /* ShellScript */ = {
			isa = PBXShellScriptBuildPhase;
			buildActionMask = 2147483647;
			files = (
			);
			inputFileListPaths = (
			);
			inputPaths = (
			);
			outputFileListPaths = (
			);
			outputPaths = (
			);
			runOnlyForDeploymentPostprocessing = 0;
			shellPath = /bin/sh;
			shellScript = "# Type a script or drag a script file from your workspace to insert its path.\n\"${SRCROOT}/build.sh\"\n";
		};
/* End PBXShellScriptBuildPhase section */

/* Begin PBXSourcesBuildPhase section */
		D81F71C922A6D6E7009DA6FB /* Sources */ = {
			isa = PBXSourcesBuildPhase;
			buildActionMask = 2147483647;
			files = (
				D8352BD722A80228005D382F /* OnlineItemsDataSource.swift in Sources */,
				D81F722922A6E6A0009DA6FB /* ItemTableViewCell.m in Sources */,
				D81F71E222A6D813009DA6FB /* Item.swift in Sources */,
				D8352BDA22A8025B005D382F /* OfflineItemsManager.swift in Sources */,
				D81F71DC22A6D72A009DA6FB /* OnlineItemsViewController.swift in Sources */,
				D81F71E322A6D813009DA6FB /* ItemType.swift in Sources */,
				D81F722C22A6E754009DA6FB /* ITBConstants.swift in Sources */,
				D81F71DB22A6D72A009DA6FB /* OfflineItemsViewController.swift in Sources */,
				D81F71E122A6D813009DA6FB /* DownloadStatus.swift in Sources */,
			);
			runOnlyForDeploymentPostprocessing = 0;
		};
/* End PBXSourcesBuildPhase section */

/* Begin XCBuildConfiguration section */
		D81F71D322A6D6E7009DA6FB /* Debug */ = {
			isa = XCBuildConfiguration;
			buildSettings = {
				ALWAYS_SEARCH_USER_PATHS = NO;
				CLANG_ANALYZER_NONNULL = YES;
				CLANG_ANALYZER_NUMBER_OBJECT_CONVERSION = YES_AGGRESSIVE;
				CLANG_CXX_LANGUAGE_STANDARD = "gnu++14";
				CLANG_CXX_LIBRARY = "libc++";
				CLANG_ENABLE_MODULES = YES;
				CLANG_ENABLE_OBJC_ARC = YES;
				CLANG_ENABLE_OBJC_WEAK = YES;
				CLANG_WARN_BLOCK_CAPTURE_AUTORELEASING = YES;
				CLANG_WARN_BOOL_CONVERSION = YES;
				CLANG_WARN_COMMA = YES;
				CLANG_WARN_CONSTANT_CONVERSION = YES;
				CLANG_WARN_DEPRECATED_OBJC_IMPLEMENTATIONS = YES;
				CLANG_WARN_DIRECT_OBJC_ISA_USAGE = YES_ERROR;
				CLANG_WARN_DOCUMENTATION_COMMENTS = YES;
				CLANG_WARN_EMPTY_BODY = YES;
				CLANG_WARN_ENUM_CONVERSION = YES;
				CLANG_WARN_INFINITE_RECURSION = YES;
				CLANG_WARN_INT_CONVERSION = YES;
				CLANG_WARN_NON_LITERAL_NULL_CONVERSION = YES;
				CLANG_WARN_OBJC_IMPLICIT_RETAIN_SELF = YES;
				CLANG_WARN_OBJC_LITERAL_CONVERSION = YES;
				CLANG_WARN_OBJC_ROOT_CLASS = YES_ERROR;
				CLANG_WARN_RANGE_LOOP_ANALYSIS = YES;
				CLANG_WARN_STRICT_PROTOTYPES = YES;
				CLANG_WARN_SUSPICIOUS_MOVE = YES;
				CLANG_WARN_UNGUARDED_AVAILABILITY = YES_AGGRESSIVE;
				CLANG_WARN_UNREACHABLE_CODE = YES;
				CLANG_WARN__DUPLICATE_METHOD_MATCH = YES;
				CODE_SIGN_IDENTITY = "iPhone Developer";
				COPY_PHASE_STRIP = NO;
				CURRENT_PROJECT_VERSION = 1;
				DEBUG_INFORMATION_FORMAT = dwarf;
				ENABLE_STRICT_OBJC_MSGSEND = YES;
				ENABLE_TESTABILITY = YES;
				GCC_C_LANGUAGE_STANDARD = gnu11;
				GCC_DYNAMIC_NO_PIC = NO;
				GCC_NO_COMMON_BLOCKS = YES;
				GCC_OPTIMIZATION_LEVEL = 0;
				GCC_PREPROCESSOR_DEFINITIONS = (
					"DEBUG=1",
					"$(inherited)",
				);
				GCC_WARN_64_TO_32_BIT_CONVERSION = YES;
				GCC_WARN_ABOUT_RETURN_TYPE = YES_ERROR;
				GCC_WARN_UNDECLARED_SELECTOR = YES;
				GCC_WARN_UNINITIALIZED_AUTOS = YES_AGGRESSIVE;
				GCC_WARN_UNUSED_FUNCTION = YES;
				GCC_WARN_UNUSED_VARIABLE = YES;
				IPHONEOS_DEPLOYMENT_TARGET = 12.2;
				MTL_ENABLE_DEBUG_INFO = INCLUDE_SOURCE;
				MTL_FAST_MATH = YES;
				ONLY_ACTIVE_ARCH = YES;
				SDKROOT = iphoneos;
				SWIFT_ACTIVE_COMPILATION_CONDITIONS = DEBUG;
				SWIFT_OPTIMIZATION_LEVEL = "-Onone";
				VERSIONING_SYSTEM = "apple-generic";
				VERSION_INFO_PREFIX = "";
			};
			name = Debug;
		};
		D81F71D422A6D6E7009DA6FB /* Release */ = {
			isa = XCBuildConfiguration;
			buildSettings = {
				ALWAYS_SEARCH_USER_PATHS = NO;
				CLANG_ANALYZER_NONNULL = YES;
				CLANG_ANALYZER_NUMBER_OBJECT_CONVERSION = YES_AGGRESSIVE;
				CLANG_CXX_LANGUAGE_STANDARD = "gnu++14";
				CLANG_CXX_LIBRARY = "libc++";
				CLANG_ENABLE_MODULES = YES;
				CLANG_ENABLE_OBJC_ARC = YES;
				CLANG_ENABLE_OBJC_WEAK = YES;
				CLANG_WARN_BLOCK_CAPTURE_AUTORELEASING = YES;
				CLANG_WARN_BOOL_CONVERSION = YES;
				CLANG_WARN_COMMA = YES;
				CLANG_WARN_CONSTANT_CONVERSION = YES;
				CLANG_WARN_DEPRECATED_OBJC_IMPLEMENTATIONS = YES;
				CLANG_WARN_DIRECT_OBJC_ISA_USAGE = YES_ERROR;
				CLANG_WARN_DOCUMENTATION_COMMENTS = YES;
				CLANG_WARN_EMPTY_BODY = YES;
				CLANG_WARN_ENUM_CONVERSION = YES;
				CLANG_WARN_INFINITE_RECURSION = YES;
				CLANG_WARN_INT_CONVERSION = YES;
				CLANG_WARN_NON_LITERAL_NULL_CONVERSION = YES;
				CLANG_WARN_OBJC_IMPLICIT_RETAIN_SELF = YES;
				CLANG_WARN_OBJC_LITERAL_CONVERSION = YES;
				CLANG_WARN_OBJC_ROOT_CLASS = YES_ERROR;
				CLANG_WARN_RANGE_LOOP_ANALYSIS = YES;
				CLANG_WARN_STRICT_PROTOTYPES = YES;
				CLANG_WARN_SUSPICIOUS_MOVE = YES;
				CLANG_WARN_UNGUARDED_AVAILABILITY = YES_AGGRESSIVE;
				CLANG_WARN_UNREACHABLE_CODE = YES;
				CLANG_WARN__DUPLICATE_METHOD_MATCH = YES;
				CODE_SIGN_IDENTITY = "iPhone Developer";
				COPY_PHASE_STRIP = NO;
				CURRENT_PROJECT_VERSION = 1;
				DEBUG_INFORMATION_FORMAT = "dwarf-with-dsym";
				ENABLE_NS_ASSERTIONS = NO;
				ENABLE_STRICT_OBJC_MSGSEND = YES;
				GCC_C_LANGUAGE_STANDARD = gnu11;
				GCC_NO_COMMON_BLOCKS = YES;
				GCC_WARN_64_TO_32_BIT_CONVERSION = YES;
				GCC_WARN_ABOUT_RETURN_TYPE = YES_ERROR;
				GCC_WARN_UNDECLARED_SELECTOR = YES;
				GCC_WARN_UNINITIALIZED_AUTOS = YES_AGGRESSIVE;
				GCC_WARN_UNUSED_FUNCTION = YES;
				GCC_WARN_UNUSED_VARIABLE = YES;
				IPHONEOS_DEPLOYMENT_TARGET = 12.2;
				MTL_ENABLE_DEBUG_INFO = NO;
				MTL_FAST_MATH = YES;
				SDKROOT = iphoneos;
				SWIFT_COMPILATION_MODE = wholemodule;
				SWIFT_OPTIMIZATION_LEVEL = "-O";
				VALIDATE_PRODUCT = YES;
				VERSIONING_SYSTEM = "apple-generic";
				VERSION_INFO_PREFIX = "";
			};
			name = Release;
		};
		D81F71D622A6D6E7009DA6FB /* Debug */ = {
			isa = XCBuildConfiguration;
			buildSettings = {
				CLANG_ENABLE_MODULES = YES;
				CODE_SIGN_IDENTITY = "";
				CODE_SIGN_STYLE = Automatic;
				DEFINES_MODULE = YES;
				DEVELOPMENT_TEAM = Y3A5Y7R3W5;
				DYLIB_COMPATIBILITY_VERSION = 1;
				DYLIB_CURRENT_VERSION = 1;
				DYLIB_INSTALL_NAME_BASE = "@rpath";
				INFOPLIST_FILE = ITunesBrowsing/Info.plist;
				INSTALL_PATH = "$(LOCAL_LIBRARY_DIR)/Frameworks";
				IPHONEOS_DEPLOYMENT_TARGET = 11.0;
				LD_RUNPATH_SEARCH_PATHS = (
					"$(inherited)",
					"@executable_path/Frameworks",
					"@loader_path/Frameworks",
				);
				PRODUCT_BUNDLE_IDENTIFIER = com.yaroslavsverdlikov.ITunesBrowsing;
				PRODUCT_NAME = "$(TARGET_NAME:c99extidentifier)";
				SKIP_INSTALL = YES;
				SWIFT_OPTIMIZATION_LEVEL = "-Onone";
				SWIFT_VERSION = 5.0;
				TARGETED_DEVICE_FAMILY = "1,2";
			};
			name = Debug;
		};
		D81F71D722A6D6E7009DA6FB /* Release */ = {
			isa = XCBuildConfiguration;
			buildSettings = {
				CLANG_ENABLE_MODULES = YES;
				CODE_SIGN_IDENTITY = "";
				CODE_SIGN_STYLE = Automatic;
				DEFINES_MODULE = YES;
				DEVELOPMENT_TEAM = Y3A5Y7R3W5;
				DYLIB_COMPATIBILITY_VERSION = 1;
				DYLIB_CURRENT_VERSION = 1;
				DYLIB_INSTALL_NAME_BASE = "@rpath";
				INFOPLIST_FILE = ITunesBrowsing/Info.plist;
				INSTALL_PATH = "$(LOCAL_LIBRARY_DIR)/Frameworks";
				IPHONEOS_DEPLOYMENT_TARGET = 11.0;
				LD_RUNPATH_SEARCH_PATHS = (
					"$(inherited)",
					"@executable_path/Frameworks",
					"@loader_path/Frameworks",
				);
				PRODUCT_BUNDLE_IDENTIFIER = com.yaroslavsverdlikov.ITunesBrowsing;
				PRODUCT_NAME = "$(TARGET_NAME:c99extidentifier)";
				SKIP_INSTALL = YES;
				SWIFT_VERSION = 5.0;
				TARGETED_DEVICE_FAMILY = "1,2";
			};
			name = Release;
		};
		D82A830822BA468000121799 /* Debug */ = {
			isa = XCBuildConfiguration;
			buildSettings = {
				CODE_SIGN_STYLE = Automatic;
				DEVELOPMENT_TEAM = Y3A5Y7R3W5;
				PRODUCT_NAME = "$(TARGET_NAME)";
			};
			name = Debug;
		};
		D82A830922BA468000121799 /* Release */ = {
			isa = XCBuildConfiguration;
			buildSettings = {
				CODE_SIGN_STYLE = Automatic;
				DEVELOPMENT_TEAM = Y3A5Y7R3W5;
				PRODUCT_NAME = "$(TARGET_NAME)";
			};
			name = Release;
		};
/* End XCBuildConfiguration section */

/* Begin XCConfigurationList section */
		D81F71C722A6D6E6009DA6FB /* Build configuration list for PBXProject "ITunesBrowsing" */ = {
			isa = XCConfigurationList;
			buildConfigurations = (
				D81F71D322A6D6E7009DA6FB /* Debug */,
				D81F71D422A6D6E7009DA6FB /* Release */,
			);
			defaultConfigurationIsVisible = 0;
			defaultConfigurationName = Release;
		};
		D81F71D522A6D6E7009DA6FB /* Build configuration list for PBXNativeTarget "ITunesBrowsing" */ = {
			isa = XCConfigurationList;
			buildConfigurations = (
				D81F71D622A6D6E7009DA6FB /* Debug */,
				D81F71D722A6D6E7009DA6FB /* Release */,
			);
			defaultConfigurationIsVisible = 0;
			defaultConfigurationName = Release;
		};
		D82A830A22BA468000121799 /* Build configuration list for PBXAggregateTarget "ITunesBrowsing-fat" */ = {
			isa = XCConfigurationList;
			buildConfigurations = (
				D82A830822BA468000121799 /* Debug */,
				D82A830922BA468000121799 /* Release */,
			);
			defaultConfigurationIsVisible = 0;
			defaultConfigurationName = Release;
		};
/* End XCConfigurationList section */
	};
	rootObject = D81F71C422A6D6E6009DA6FB /* Project object */;
}
