// !$*UTF8*$!
{
	archiveVersion = 1;
	classes = {
	};
	objectVersion = 50;
	objects = {

/* Begin PBXBuildFile section */
		D81F2FC422A5443E007CD129 /* OfflineItemsViewController.swift in Sources */ = {isa = PBXBuildFile; fileRef = D81F2FC322A5443E007CD129 /* OfflineItemsViewController.swift */; };
		D81F90C8227B7DA60036DC5D /* OnlineItemsViewController.swift in Sources */ = {isa = PBXBuildFile; fileRef = D81F90C7227B7DA60036DC5D /* OnlineItemsViewController.swift */; };
		D81F90D4227F01680036DC5D /* Item.swift in Sources */ = {isa = PBXBuildFile; fileRef = D81F90D3227F01680036DC5D /* Item.swift */; };
		D81F90D6227F03920036DC5D /* OnlineDataManager.swift in Sources */ = {isa = PBXBuildFile; fileRef = D81F90D5227F03920036DC5D /* OnlineDataManager.swift */; };
		D81F90D9227F1F6C0036DC5D /* APIHelper.swift in Sources */ = {isa = PBXBuildFile; fileRef = D81F90D8227F1F6C0036DC5D /* APIHelper.swift */; };
		D81F90DB227F1F7A0036DC5D /* ModelParser.swift in Sources */ = {isa = PBXBuildFile; fileRef = D81F90DA227F1F790036DC5D /* ModelParser.swift */; };
		D81F90DE227F29C10036DC5D /* String+PercentEncoding.swift in Sources */ = {isa = PBXBuildFile; fileRef = D81F90DD227F29C10036DC5D /* String+PercentEncoding.swift */; };
		D81F910E227F29C50036DC5D /* AppDelegate.swift in Sources */ = {isa = PBXBuildFile; fileRef = D81F910D227F29C50036DC5D /* AppDelegate.swift */; };
		D81F9113227F29C50036DC5D /* Main.storyboard in Resources */ = {isa = PBXBuildFile; fileRef = D81F9111227F29C50036DC5D /* Main.storyboard */; };
		D81F9116227F29C50036DC5D /* iTunes_Browser.xcdatamodeld in Sources */ = {isa = PBXBuildFile; fileRef = D81F9114227F29C50036DC5D /* iTunes_Browser.xcdatamodeld */; };
		D81F9118227F29C50036DC5D /* Assets.xcassets in Resources */ = {isa = PBXBuildFile; fileRef = D81F9117227F29C50036DC5D /* Assets.xcassets */; };
		D81F911B227F29C50036DC5D /* LaunchScreen.storyboard in Resources */ = {isa = PBXBuildFile; fileRef = D81F9119227F29C50036DC5D /* LaunchScreen.storyboard */; };
		D81F9138228087050036DC5D /* ItemType.swift in Sources */ = {isa = PBXBuildFile; fileRef = D81F9137228087050036DC5D /* ItemType.swift */; };
		D81F98C7229BFD0500C6BD4C /* UIImage+Grayscaling.swift in Sources */ = {isa = PBXBuildFile; fileRef = D81F98C6229BFD0500C6BD4C /* UIImage+Grayscaling.swift */; };
		D8233C10228DAB9C00869ADD /* OfflineDataManager.swift in Sources */ = {isa = PBXBuildFile; fileRef = D8233C0F228DAB9C00869ADD /* OfflineDataManager.swift */; };
		D826223C229D60E300B54902 /* DownloadStatus.swift in Sources */ = {isa = PBXBuildFile; fileRef = D826223B229D60E300B54902 /* DownloadStatus.swift */; };
		D886A3A9228F0E94009254C2 /* ItemTableViewCell.m in Sources */ = {isa = PBXBuildFile; fileRef = D886A3A7228F0E94009254C2 /* ItemTableViewCell.m */; };
		D886A3AA228F0E94009254C2 /* ItemTableViewCell.xib in Resources */ = {isa = PBXBuildFile; fileRef = D886A3A8228F0E94009254C2 /* ItemTableViewCell.xib */; };
		D89C921D2295A520004A396E /* Constants.swift in Sources */ = {isa = PBXBuildFile; fileRef = D89C921C2295A520004A396E /* Constants.swift */; };
/* End PBXBuildFile section */

/* Begin PBXFileReference section */
		D81F2FC322A5443E007CD129 /* OfflineItemsViewController.swift */ = {isa = PBXFileReference; lastKnownFileType = sourcecode.swift; path = OfflineItemsViewController.swift; sourceTree = "<group>"; };
		D81F90C7227B7DA60036DC5D /* OnlineItemsViewController.swift */ = {isa = PBXFileReference; lastKnownFileType = sourcecode.swift; path = OnlineItemsViewController.swift; sourceTree = "<group>"; };
		D81F90D3227F01680036DC5D /* Item.swift */ = {isa = PBXFileReference; lastKnownFileType = sourcecode.swift; path = Item.swift; sourceTree = "<group>"; };
		D81F90D5227F03920036DC5D /* OnlineDataManager.swift */ = {isa = PBXFileReference; lastKnownFileType = sourcecode.swift; path = OnlineDataManager.swift; sourceTree = "<group>"; };
		D81F90D8227F1F6C0036DC5D /* APIHelper.swift */ = {isa = PBXFileReference; lastKnownFileType = sourcecode.swift; path = APIHelper.swift; sourceTree = "<group>"; };
		D81F90DA227F1F790036DC5D /* ModelParser.swift */ = {isa = PBXFileReference; lastKnownFileType = sourcecode.swift; path = ModelParser.swift; sourceTree = "<group>"; };
		D81F90DD227F29C10036DC5D /* String+PercentEncoding.swift */ = {isa = PBXFileReference; lastKnownFileType = sourcecode.swift; path = "String+PercentEncoding.swift"; sourceTree = "<group>"; };
		D81F910A227F29C50036DC5D /* iTunes Browser.app */ = {isa = PBXFileReference; explicitFileType = wrapper.application; includeInIndex = 0; path = "iTunes Browser.app"; sourceTree = BUILT_PRODUCTS_DIR; };
		D81F910D227F29C50036DC5D /* AppDelegate.swift */ = {isa = PBXFileReference; lastKnownFileType = sourcecode.swift; path = AppDelegate.swift; sourceTree = "<group>"; };
		D81F9112227F29C50036DC5D /* Base */ = {isa = PBXFileReference; lastKnownFileType = file.storyboard; name = Base; path = Base.lproj/Main.storyboard; sourceTree = "<group>"; };
		D81F9115227F29C50036DC5D /* iTunes_Browser.xcdatamodel */ = {isa = PBXFileReference; lastKnownFileType = wrapper.xcdatamodel; path = iTunes_Browser.xcdatamodel; sourceTree = "<group>"; };
		D81F9117227F29C50036DC5D /* Assets.xcassets */ = {isa = PBXFileReference; lastKnownFileType = folder.assetcatalog; path = Assets.xcassets; sourceTree = "<group>"; };
		D81F911A227F29C50036DC5D /* Base */ = {isa = PBXFileReference; lastKnownFileType = file.storyboard; name = Base; path = Base.lproj/LaunchScreen.storyboard; sourceTree = "<group>"; };
		D81F911C227F29C50036DC5D /* Info.plist */ = {isa = PBXFileReference; lastKnownFileType = text.plist.xml; path = Info.plist; sourceTree = "<group>"; };
		D81F9137228087050036DC5D /* ItemType.swift */ = {isa = PBXFileReference; lastKnownFileType = sourcecode.swift; path = ItemType.swift; sourceTree = "<group>"; };
		D81F98C6229BFD0500C6BD4C /* UIImage+Grayscaling.swift */ = {isa = PBXFileReference; lastKnownFileType = sourcecode.swift; path = "UIImage+Grayscaling.swift"; sourceTree = "<group>"; };
		D8233C0F228DAB9C00869ADD /* OfflineDataManager.swift */ = {isa = PBXFileReference; lastKnownFileType = sourcecode.swift; path = OfflineDataManager.swift; sourceTree = "<group>"; };
		D826223B229D60E300B54902 /* DownloadStatus.swift */ = {isa = PBXFileReference; lastKnownFileType = sourcecode.swift; path = DownloadStatus.swift; sourceTree = "<group>"; };
		D886A3A5228F0E94009254C2 /* iTunes Browser-Bridging-Header.h */ = {isa = PBXFileReference; lastKnownFileType = sourcecode.c.h; path = "iTunes Browser-Bridging-Header.h"; sourceTree = "<group>"; };
		D886A3A6228F0E94009254C2 /* ItemTableViewCell.h */ = {isa = PBXFileReference; lastKnownFileType = sourcecode.c.h; path = ItemTableViewCell.h; sourceTree = "<group>"; };
		D886A3A7228F0E94009254C2 /* ItemTableViewCell.m */ = {isa = PBXFileReference; lastKnownFileType = sourcecode.c.objc; path = ItemTableViewCell.m; sourceTree = "<group>"; };
		D886A3A8228F0E94009254C2 /* ItemTableViewCell.xib */ = {isa = PBXFileReference; lastKnownFileType = file.xib; path = ItemTableViewCell.xib; sourceTree = "<group>"; };
		D89C921C2295A520004A396E /* Constants.swift */ = {isa = PBXFileReference; lastKnownFileType = sourcecode.swift; path = Constants.swift; sourceTree = "<group>"; };
/* End PBXFileReference section */

/* Begin PBXFrameworksBuildPhase section */
		D81F9107227F29C50036DC5D /* Frameworks */ = {
			isa = PBXFrameworksBuildPhase;
			buildActionMask = 2147483647;
			files = (
			);
			runOnlyForDeploymentPostprocessing = 0;
		};
/* End PBXFrameworksBuildPhase section */

/* Begin PBXGroup section */
		D81F90C9227B7EB10036DC5D /* View Controllers */ = {
			isa = PBXGroup;
			children = (
				D81F90C7227B7DA60036DC5D /* OnlineItemsViewController.swift */,
				D81F2FC322A5443E007CD129 /* OfflineItemsViewController.swift */,
			);
			path = "View Controllers";
			sourceTree = "<group>";
		};
		D81F90CE227F00C90036DC5D /* Model */ = {
			isa = PBXGroup;
			children = (
				D81F9137228087050036DC5D /* ItemType.swift */,
				D81F90D3227F01680036DC5D /* Item.swift */,
				D826223B229D60E300B54902 /* DownloadStatus.swift */,
			);
			path = Model;
			sourceTree = "<group>";
		};
		D81F90D7227F03970036DC5D /* Logic */ = {
			isa = PBXGroup;
			children = (
				D81F90D5227F03920036DC5D /* OnlineDataManager.swift */,
				D8233C0F228DAB9C00869ADD /* OfflineDataManager.swift */,
			);
			path = Logic;
			sourceTree = "<group>";
		};
		D81F90DC227F1F840036DC5D /* Network Communication */ = {
			isa = PBXGroup;
			children = (
				D81F90D8227F1F6C0036DC5D /* APIHelper.swift */,
				D81F90DA227F1F790036DC5D /* ModelParser.swift */,
			);
			path = "Network Communication";
			sourceTree = "<group>";
		};
		D81F90DF227F29C50036DC5D /* Extensions */ = {
			isa = PBXGroup;
			children = (
				D81F90DD227F29C10036DC5D /* String+PercentEncoding.swift */,
				D81F98C6229BFD0500C6BD4C /* UIImage+Grayscaling.swift */,
			);
			path = Extensions;
			sourceTree = "<group>";
		};
		D81F9101227F29C50036DC5D = {
			isa = PBXGroup;
			children = (
				D81F910C227F29C50036DC5D /* iTunes Browser */,
				D81F910B227F29C50036DC5D /* Products */,
			);
			sourceTree = "<group>";
		};
		D81F910B227F29C50036DC5D /* Products */ = {
			isa = PBXGroup;
			children = (
				D81F910A227F29C50036DC5D /* iTunes Browser.app */,
			);
			name = Products;
			sourceTree = "<group>";
		};
		D81F910C227F29C50036DC5D /* iTunes Browser */ = {
			isa = PBXGroup;
			children = (
				D81F90CE227F00C90036DC5D /* Model */,
				D81F90D7227F03970036DC5D /* Logic */,
				D81F90DC227F1F840036DC5D /* Network Communication */,
				D81F90DF227F29C50036DC5D /* Extensions */,
				D886A3A4228F0E0F009254C2 /* Custom UI Elements */,
				D81F90C9227B7EB10036DC5D /* View Controllers */,
				D81F910D227F29C50036DC5D /* AppDelegate.swift */,
				D89C921C2295A520004A396E /* Constants.swift */,
				D886A3A5228F0E94009254C2 /* iTunes Browser-Bridging-Header.h */,
				D81F9111227F29C50036DC5D /* Main.storyboard */,
				D81F9117227F29C50036DC5D /* Assets.xcassets */,
				D81F9119227F29C50036DC5D /* LaunchScreen.storyboard */,
				D81F911C227F29C50036DC5D /* Info.plist */,
				D81F9114227F29C50036DC5D /* iTunes_Browser.xcdatamodeld */,
			);
			path = "iTunes Browser";
			sourceTree = "<group>";
		};
		D886A3A4228F0E0F009254C2 /* Custom UI Elements */ = {
			isa = PBXGroup;
			children = (
				D886A3A6228F0E94009254C2 /* ItemTableViewCell.h */,
				D886A3A7228F0E94009254C2 /* ItemTableViewCell.m */,
				D886A3A8228F0E94009254C2 /* ItemTableViewCell.xib */,
			);
			path = "Custom UI Elements";
			sourceTree = "<group>";
		};
/* End PBXGroup section */

/* Begin PBXNativeTarget section */
		D81F9109227F29C50036DC5D /* iTunes Browser */ = {
			isa = PBXNativeTarget;
			buildConfigurationList = D81F911F227F29C50036DC5D /* Build configuration list for PBXNativeTarget "iTunes Browser" */;
			buildPhases = (
				D81F9106227F29C50036DC5D /* Sources */,
				D81F9107227F29C50036DC5D /* Frameworks */,
				D81F9108227F29C50036DC5D /* Resources */,
			);
			buildRules = (
			);
			dependencies = (
			);
			name = "iTunes Browser";
			productName = "iTunes Browser";
			productReference = D81F910A227F29C50036DC5D /* iTunes Browser.app */;
			productType = "com.apple.product-type.application";
		};
/* End PBXNativeTarget section */

/* Begin PBXProject section */
		D81F9102227F29C50036DC5D /* Project object */ = {
			isa = PBXProject;
			attributes = {
				LastSwiftUpdateCheck = 1020;
				LastUpgradeCheck = 1020;
				ORGANIZATIONNAME = "Yaroslav Sverdlikov";
				TargetAttributes = {
					D81F9109227F29C50036DC5D = {
						CreatedOnToolsVersion = 10.2.1;
						LastSwiftMigration = 1020;
					};
				};
			};
			buildConfigurationList = D81F9105227F29C50036DC5D /* Build configuration list for PBXProject "iTunes Browser" */;
			compatibilityVersion = "Xcode 9.3";
			developmentRegion = en;
			hasScannedForEncodings = 0;
			knownRegions = (
				en,
				Base,
			);
			mainGroup = D81F9101227F29C50036DC5D;
			productRefGroup = D81F910B227F29C50036DC5D /* Products */;
			projectDirPath = "";
			projectRoot = "";
			targets = (
				D81F9109227F29C50036DC5D /* iTunes Browser */,
			);
		};
/* End PBXProject section */

/* Begin PBXResourcesBuildPhase section */
		D81F9108227F29C50036DC5D /* Resources */ = {
			isa = PBXResourcesBuildPhase;
			buildActionMask = 2147483647;
			files = (
				D81F911B227F29C50036DC5D /* LaunchScreen.storyboard in Resources */,
				D81F9118227F29C50036DC5D /* Assets.xcassets in Resources */,
				D81F9113227F29C50036DC5D /* Main.storyboard in Resources */,
				D886A3AA228F0E94009254C2 /* ItemTableViewCell.xib in Resources */,
			);
			runOnlyForDeploymentPostprocessing = 0;
		};
/* End PBXResourcesBuildPhase section */

/* Begin PBXSourcesBuildPhase section */
		D81F9106227F29C50036DC5D /* Sources */ = {
			isa = PBXSourcesBuildPhase;
			buildActionMask = 2147483647;
			files = (
				D81F9116227F29C50036DC5D /* iTunes_Browser.xcdatamodeld in Sources */,
				D81F910E227F29C50036DC5D /* AppDelegate.swift in Sources */,
				D8233C10228DAB9C00869ADD /* OfflineDataManager.swift in Sources */,
				D81F9138228087050036DC5D /* ItemType.swift in Sources */,
				D81F90D9227F1F6C0036DC5D /* APIHelper.swift in Sources */,
				D886A3A9228F0E94009254C2 /* ItemTableViewCell.m in Sources */,
				D81F90DE227F29C10036DC5D /* String+PercentEncoding.swift in Sources */,
				D81F2FC422A5443E007CD129 /* OfflineItemsViewController.swift in Sources */,
				D81F90D4227F01680036DC5D /* Item.swift in Sources */,
				D81F90D6227F03920036DC5D /* OnlineDataManager.swift in Sources */,
				D81F90C8227B7DA60036DC5D /* OnlineItemsViewController.swift in Sources */,
				D81F90DB227F1F7A0036DC5D /* ModelParser.swift in Sources */,
				D89C921D2295A520004A396E /* Constants.swift in Sources */,
				D81F98C7229BFD0500C6BD4C /* UIImage+Grayscaling.swift in Sources */,
				D826223C229D60E300B54902 /* DownloadStatus.swift in Sources */,
			);
			runOnlyForDeploymentPostprocessing = 0;
		};
/* End PBXSourcesBuildPhase section */

/* Begin PBXVariantGroup section */
		D81F9111227F29C50036DC5D /* Main.storyboard */ = {
			isa = PBXVariantGroup;
			children = (
				D81F9112227F29C50036DC5D /* Base */,
			);
			name = Main.storyboard;
			sourceTree = "<group>";
		};
		D81F9119227F29C50036DC5D /* LaunchScreen.storyboard */ = {
			isa = PBXVariantGroup;
			children = (
				D81F911A227F29C50036DC5D /* Base */,
			);
			name = LaunchScreen.storyboard;
			sourceTree = "<group>";
		};
/* End PBXVariantGroup section */

/* Begin XCBuildConfiguration section */
		D81F911D227F29C50036DC5D /* Debug */ = {
			isa = XCBuildConfiguration;
			buildSettings = {
				ALWAYS_SEARCH_USER_PATHS = NO;
				CLANG_ANALYZER_NONNULL = YES;
				CLANG_ANALYZER_NUMBER_OBJECT_CONVERSION = YES_AGGRESSIVE;
				CLANG_CXX_LANGUAGE_STANDARD = "gnu++14";
				CLANG_CXX_LIBRARY = "libc++";
				CLANG_ENABLE_MODULES = YES;
				CLANG_ENABLE_OBJC_ARC = YES;
				CLANG_ENABLE_OBJC_WEAK = YES;
				CLANG_WARN_BLOCK_CAPTURE_AUTORELEASING = YES;
				CLANG_WARN_BOOL_CONVERSION = YES;
				CLANG_WARN_COMMA = YES;
				CLANG_WARN_CONSTANT_CONVERSION = YES;
				CLANG_WARN_DEPRECATED_OBJC_IMPLEMENTATIONS = YES;
				CLANG_WARN_DIRECT_OBJC_ISA_USAGE = YES_ERROR;
				CLANG_WARN_DOCUMENTATION_COMMENTS = YES;
				CLANG_WARN_EMPTY_BODY = YES;
				CLANG_WARN_ENUM_CONVERSION = YES;
				CLANG_WARN_INFINITE_RECURSION = YES;
				CLANG_WARN_INT_CONVERSION = YES;
				CLANG_WARN_NON_LITERAL_NULL_CONVERSION = YES;
				CLANG_WARN_OBJC_IMPLICIT_RETAIN_SELF = YES;
				CLANG_WARN_OBJC_LITERAL_CONVERSION = YES;
				CLANG_WARN_OBJC_ROOT_CLASS = YES_ERROR;
				CLANG_WARN_RANGE_LOOP_ANALYSIS = YES;
				CLANG_WARN_STRICT_PROTOTYPES = YES;
				CLANG_WARN_SUSPICIOUS_MOVE = YES;
				CLANG_WARN_UNGUARDED_AVAILABILITY = YES_AGGRESSIVE;
				CLANG_WARN_UNREACHABLE_CODE = YES;
				CLANG_WARN__DUPLICATE_METHOD_MATCH = YES;
				CODE_SIGN_IDENTITY = "iPhone Developer";
				COPY_PHASE_STRIP = NO;
				DEBUG_INFORMATION_FORMAT = dwarf;
				ENABLE_STRICT_OBJC_MSGSEND = YES;
				ENABLE_TESTABILITY = YES;
				GCC_C_LANGUAGE_STANDARD = gnu11;
				GCC_DYNAMIC_NO_PIC = NO;
				GCC_NO_COMMON_BLOCKS = YES;
				GCC_OPTIMIZATION_LEVEL = 0;
				GCC_PREPROCESSOR_DEFINITIONS = (
					"DEBUG=1",
					"$(inherited)",
				);
				GCC_WARN_64_TO_32_BIT_CONVERSION = YES;
				GCC_WARN_ABOUT_RETURN_TYPE = YES_ERROR;
				GCC_WARN_UNDECLARED_SELECTOR = YES;
				GCC_WARN_UNINITIALIZED_AUTOS = YES_AGGRESSIVE;
				GCC_WARN_UNUSED_FUNCTION = YES;
				GCC_WARN_UNUSED_VARIABLE = YES;
				IPHONEOS_DEPLOYMENT_TARGET = 12.2;
				MTL_ENABLE_DEBUG_INFO = INCLUDE_SOURCE;
				MTL_FAST_MATH = YES;
				ONLY_ACTIVE_ARCH = YES;
				SDKROOT = iphoneos;
				SWIFT_ACTIVE_COMPILATION_CONDITIONS = DEBUG;
				SWIFT_OPTIMIZATION_LEVEL = "-Onone";
			};
			name = Debug;
		};
		D81F911E227F29C50036DC5D /* Release */ = {
			isa = XCBuildConfiguration;
			buildSettings = {
				ALWAYS_SEARCH_USER_PATHS = NO;
				CLANG_ANALYZER_NONNULL = YES;
				CLANG_ANALYZER_NUMBER_OBJECT_CONVERSION = YES_AGGRESSIVE;
				CLANG_CXX_LANGUAGE_STANDARD = "gnu++14";
				CLANG_CXX_LIBRARY = "libc++";
				CLANG_ENABLE_MODULES = YES;
				CLANG_ENABLE_OBJC_ARC = YES;
				CLANG_ENABLE_OBJC_WEAK = YES;
				CLANG_WARN_BLOCK_CAPTURE_AUTORELEASING = YES;
				CLANG_WARN_BOOL_CONVERSION = YES;
				CLANG_WARN_COMMA = YES;
				CLANG_WARN_CONSTANT_CONVERSION = YES;
				CLANG_WARN_DEPRECATED_OBJC_IMPLEMENTATIONS = YES;
				CLANG_WARN_DIRECT_OBJC_ISA_USAGE = YES_ERROR;
				CLANG_WARN_DOCUMENTATION_COMMENTS = YES;
				CLANG_WARN_EMPTY_BODY = YES;
				CLANG_WARN_ENUM_CONVERSION = YES;
				CLANG_WARN_INFINITE_RECURSION = YES;
				CLANG_WARN_INT_CONVERSION = YES;
				CLANG_WARN_NON_LITERAL_NULL_CONVERSION = YES;
				CLANG_WARN_OBJC_IMPLICIT_RETAIN_SELF = YES;
				CLANG_WARN_OBJC_LITERAL_CONVERSION = YES;
				CLANG_WARN_OBJC_ROOT_CLASS = YES_ERROR;
				CLANG_WARN_RANGE_LOOP_ANALYSIS = YES;
				CLANG_WARN_STRICT_PROTOTYPES = YES;
				CLANG_WARN_SUSPICIOUS_MOVE = YES;
				CLANG_WARN_UNGUARDED_AVAILABILITY = YES_AGGRESSIVE;
				CLANG_WARN_UNREACHABLE_CODE = YES;
				CLANG_WARN__DUPLICATE_METHOD_MATCH = YES;
				CODE_SIGN_IDENTITY = "iPhone Developer";
				COPY_PHASE_STRIP = NO;
				DEBUG_INFORMATION_FORMAT = "dwarf-with-dsym";
				ENABLE_NS_ASSERTIONS = NO;
				ENABLE_STRICT_OBJC_MSGSEND = YES;
				GCC_C_LANGUAGE_STANDARD = gnu11;
				GCC_NO_COMMON_BLOCKS = YES;
				GCC_WARN_64_TO_32_BIT_CONVERSION = YES;
				GCC_WARN_ABOUT_RETURN_TYPE = YES_ERROR;
				GCC_WARN_UNDECLARED_SELECTOR = YES;
				GCC_WARN_UNINITIALIZED_AUTOS = YES_AGGRESSIVE;
				GCC_WARN_UNUSED_FUNCTION = YES;
				GCC_WARN_UNUSED_VARIABLE = YES;
				IPHONEOS_DEPLOYMENT_TARGET = 12.2;
				MTL_ENABLE_DEBUG_INFO = NO;
				MTL_FAST_MATH = YES;
				SDKROOT = iphoneos;
				SWIFT_COMPILATION_MODE = wholemodule;
				SWIFT_OPTIMIZATION_LEVEL = "-O";
				VALIDATE_PRODUCT = YES;
			};
			name = Release;
		};
		D81F9120227F29C50036DC5D /* Debug */ = {
			isa = XCBuildConfiguration;
			buildSettings = {
				ASSETCATALOG_COMPILER_APPICON_NAME = AppIcon;
				CLANG_ENABLE_MODULES = YES;
				CODE_SIGN_STYLE = Automatic;
				DEVELOPMENT_TEAM = Y3A5Y7R3W5;
				INFOPLIST_FILE = "iTunes Browser/Info.plist";
				IPHONEOS_DEPLOYMENT_TARGET = 11.0;
				LD_RUNPATH_SEARCH_PATHS = (
					"$(inherited)",
					"@executable_path/Frameworks",
				);
				PRODUCT_BUNDLE_IDENTIFIER = com.yaroslavsverdlikov.iTunesBrowser;
				PRODUCT_NAME = "$(TARGET_NAME)";
				SWIFT_OBJC_BRIDGING_HEADER = "iTunes Browser/iTunes Browser-Bridging-Header.h";
				SWIFT_OPTIMIZATION_LEVEL = "-Onone";
				SWIFT_VERSION = 5.0;
				TARGETED_DEVICE_FAMILY = "1,2";
			};
			name = Debug;
		};
		D81F9121227F29C50036DC5D /* Release */ = {
			isa = XCBuildConfiguration;
			buildSettings = {
				ASSETCATALOG_COMPILER_APPICON_NAME = AppIcon;
				CLANG_ENABLE_MODULES = YES;
				CODE_SIGN_STYLE = Automatic;
				DEVELOPMENT_TEAM = Y3A5Y7R3W5;
				INFOPLIST_FILE = "iTunes Browser/Info.plist";
				IPHONEOS_DEPLOYMENT_TARGET = 11.0;
				LD_RUNPATH_SEARCH_PATHS = (
					"$(inherited)",
					"@executable_path/Frameworks",
				);
				PRODUCT_BUNDLE_IDENTIFIER = com.yaroslavsverdlikov.iTunesBrowser;
				PRODUCT_NAME = "$(TARGET_NAME)";
				SWIFT_OBJC_BRIDGING_HEADER = "iTunes Browser/iTunes Browser-Bridging-Header.h";
				SWIFT_VERSION = 5.0;
				TARGETED_DEVICE_FAMILY = "1,2";
			};
			name = Release;
		};
/* End XCBuildConfiguration section */

/* Begin XCConfigurationList section */
		D81F9105227F29C50036DC5D /* Build configuration list for PBXProject "iTunes Browser" */ = {
			isa = XCConfigurationList;
			buildConfigurations = (
				D81F911D227F29C50036DC5D /* Debug */,
				D81F911E227F29C50036DC5D /* Release */,
			);
			defaultConfigurationIsVisible = 0;
			defaultConfigurationName = Release;
		};
		D81F911F227F29C50036DC5D /* Build configuration list for PBXNativeTarget "iTunes Browser" */ = {
			isa = XCConfigurationList;
			buildConfigurations = (
				D81F9120227F29C50036DC5D /* Debug */,
				D81F9121227F29C50036DC5D /* Release */,
			);
			defaultConfigurationIsVisible = 0;
			defaultConfigurationName = Release;
		};
/* End XCConfigurationList section */

/* Begin XCVersionGroup section */
		D81F9114227F29C50036DC5D /* iTunes_Browser.xcdatamodeld */ = {
			isa = XCVersionGroup;
			children = (
				D81F9115227F29C50036DC5D /* iTunes_Browser.xcdatamodel */,
			);
			currentVersion = D81F9115227F29C50036DC5D /* iTunes_Browser.xcdatamodel */;
			path = iTunes_Browser.xcdatamodeld;
			sourceTree = "<group>";
			versionGroupType = wrapper.xcdatamodel;
		};
/* End XCVersionGroup section */
	};
	rootObject = D81F9102227F29C50036DC5D /* Project object */;
}
